
Microsoft Visual Studio Solution File, Format Version 12.00
# Visual Studio Version 16
VisualStudioVersion = 16.0.30406.217
MinimumVisualStudioVersion = 10.0.40219.1
Project("{9A19103F-16F7-4668-BE54-9A1E7A4F7556}") = "PremierWorkitem", "PremierWorkitem\PremierWorkitem.csproj", "{0B9A77EB-3B6F-4E65-B70D-F527C5104BCA}"
EndProject
Global
	GlobalSection(SolutionConfigurationPlatforms) = preSolution
		Debug|Any CPU = Debug|Any CPU
		Release|Any CPU = Release|Any CPU
	EndGlobalSection
	GlobalSection(ProjectConfigurationPlatforms) = postSolution
		{0B9A77EB-3B6F-4E65-B70D-F527C5104BCA}.Debug|Any CPU.ActiveCfg = Debug|Any CPU
		{0B9A77EB-3B6F-4E65-B70D-F527C5104BCA}.Debug|Any CPU.Build.0 = Debug|Any CPU
		{0B9A77EB-3B6F-4E65-B70D-F527C5104BCA}.Release|Any CPU.ActiveCfg = Release|Any CPU
		{0B9A77EB-3B6F-4E65-B70D-F527C5104BCA}.Release|Any CPU.Build.0 = Release|Any CPU
	EndGlobalSection
	GlobalSection(SolutionProperties) = preSolution
		HideSolutionNode = FALSE
	EndGlobalSection
	GlobalSection(ExtensibilityGlobals) = postSolution
		SolutionGuid = {E6E53F25-02D1-4351-B1E9-3D3EB8175C6D}
	EndGlobalSection
EndGlobal
